[root]
name = "rustyos"
version = "0.1.0"
dependencies = [
 "bit_field 0.1.0 (registry+https://github.com/rust-lang/crates.io-index)",
 "bitflags 0.7.0 (registry+https://github.com/rust-lang/crates.io-index)",
 "cpuio 0.2.0 (registry+https://github.com/rust-lang/crates.io-index)",
 "hole_list_allocator 0.1.0",
 "multiboot2 0.1.0 (git+https://github.com/phil-opp/multiboot2-elf64)",
 "once 0.2.1 (registry+https://github.com/rust-lang/crates.io-index)",
 "rlibc 0.1.5 (registry+https://github.com/rust-lang/crates.io-index)",
 "spin 0.4.2 (registry+https://github.com/rust-lang/crates.io-index)",
 "x86 0.7.0 (registry+https://github.com/rust-lang/crates.io-index)",
]

[[package]]
name = "bit_field"
version = "0.1.0"
source = "registry+https://github.com/rust-lang/crates.io-index"

[[package]]
name = "bitflags"
version = "0.4.0"
source = "registry+https://github.com/rust-lang/crates.io-index"

[[package]]
name = "bitflags"
version = "0.7.0"
source = "registry+https://github.com/rust-lang/crates.io-index"

[[package]]
name = "cpuio"
version = "0.2.0"
source = "registry+https://github.com/rust-lang/crates.io-index"

[[package]]
name = "hole_list_allocator"
version = "0.1.0"
dependencies = [
 "lazy_static 0.2.1 (registry+https://github.com/rust-lang/crates.io-index)",
 "linked_list_allocator 0.2.2 (registry+https://github.com/rust-lang/crates.io-index)",
 "spin 0.3.5 (registry+https://github.com/rust-lang/crates.io-index)",
]

[[package]]
name = "lazy_static"
version = "0.2.1"
source = "registry+https://github.com/rust-lang/crates.io-index"
dependencies = [
 "spin 0.4.2 (registry+https://github.com/rust-lang/crates.io-index)",
]

[[package]]
name = "linked_list_allocator"
version = "0.2.2"
source = "registry+https://github.com/rust-lang/crates.io-index"

[[package]]
name = "multiboot2"
version = "0.1.0"
source = "git+https://github.com/phil-opp/multiboot2-elf64#3fc616753513354e2d56a58a1b999a4f13e1f98f"
dependencies = [
 "bitflags 0.4.0 (registry+https://github.com/rust-lang/crates.io-index)",
]

[[package]]
name = "once"
version = "0.2.1"
source = "registry+https://github.com/rust-lang/crates.io-index"

[[package]]
name = "raw-cpuid"
version = "2.0.1"
source = "registry+https://github.com/rust-lang/crates.io-index"

[[package]]
name = "rlibc"
version = "0.1.5"
source = "registry+https://github.com/rust-lang/crates.io-index"

[[package]]
name = "spin"
version = "0.3.5"
source = "registry+https://github.com/rust-lang/crates.io-index"

[[package]]
name = "spin"
version = "0.4.2"
source = "registry+https://github.com/rust-lang/crates.io-index"

[[package]]
name = "x86"
version = "0.7.0"
source = "registry+https://github.com/rust-lang/crates.io-index"
dependencies = [
 "raw-cpuid 2.0.1 (registry+https://github.com/rust-lang/crates.io-index)",
]

